github.com/gorilla/websocket v1.4.0 h1:WDFjx/TMzVgy9VdMMQi2K2Emtwi2QcUQsztZ/zLaH/Q=
github.com/gorilla/websocket v1.4.0/go.mod h1:E7qHFY5m1UJ88s3WnNqhKjPHQ0heANvMoAMk2YaljkQ=
github.com/haicaodac/gosocket v0.0.0-20190115052541-a1d5b865a40a h1:55HNo3dBl/nqTS3TOIUmRHpWOV4mQ3+rfsLMo6lFgxw=
github.com/haicaodac/gosocket v0.0.0-20190115052541-a1d5b865a40a/go.mod h1:P1PikIPpk3Yk3k+grv+RiyXxqw5H7Ov4VJgc1lXZmeU=
